
Microsoft Visual Studio Solution File, Format Version 12.00
# Visual Studio 15
VisualStudioVersion = 15.0.28307.168
MinimumVisualStudioVersion = 10.0.40219.1
Project("{9A19103F-16F7-4668-BE54-9A1E7A4F7556}") = "Bot.Ibex.Instrumentation", "Bot.Ibex.Instrumentation\Bot.Ibex.Instrumentation.csproj", "{4FF6A6CD-CEB2-4FEE-B8D2-77700C78716B}"
EndProject
Project("{9A19103F-16F7-4668-BE54-9A1E7A4F7556}") = "Bot.Ibex.Instrumentation.Tests", "Bot.Ibex.Instrumentation.Tests\Bot.Ibex.Instrumentation.Tests.csproj", "{EC50B1E4-0E18-468B-B611-26F381DA4EA5}"
EndProject
Global
	GlobalSection(SolutionConfigurationPlatforms) = preSolution
		Debug|Any CPU = Debug|Any CPU
		Release|Any CPU = Release|Any CPU
	EndGlobalSection
	GlobalSection(ProjectConfigurationPlatforms) = postSolution
		{4FF6A6CD-CEB2-4FEE-B8D2-77700C78716B}.Debug|Any CPU.ActiveCfg = Debug|Any CPU
		{4FF6A6CD-CEB2-4FEE-B8D2-77700C78716B}.Debug|Any CPU.Build.0 = Debug|Any CPU
		{4FF6A6CD-CEB2-4FEE-B8D2-77700C78716B}.Release|Any CPU.ActiveCfg = Release|Any CPU
		{4FF6A6CD-CEB2-4FEE-B8D2-77700C78716B}.Release|Any CPU.Build.0 = Release|Any CPU
		{EC50B1E4-0E18-468B-B611-26F381DA4EA5}.Debug|Any CPU.ActiveCfg = Debug|Any CPU
		{EC50B1E4-0E18-468B-B611-26F381DA4EA5}.Debug|Any CPU.Build.0 = Debug|Any CPU
		{EC50B1E4-0E18-468B-B611-26F381DA4EA5}.Release|Any CPU.ActiveCfg = Release|Any CPU
		{EC50B1E4-0E18-468B-B611-26F381DA4EA5}.Release|Any CPU.Build.0 = Release|Any CPU
	EndGlobalSection
	GlobalSection(SolutionProperties) = preSolution
		HideSolutionNode = FALSE
	EndGlobalSection
	GlobalSection(ExtensibilityGlobals) = postSolution
		SolutionGuid = {8E7A33F8-2458-4D8C-9792-E98C8162D2C6}
	EndGlobalSection
EndGlobal
